
Microsoft Visual Studio Solution File, Format Version 12.00
# Visual Studio Version 16
VisualStudioVersion = 16.0.31729.503
MinimumVisualStudioVersion = 10.0.40219.1
Project("{FAE04EC0-301F-11D3-BF4B-00C04F79EFBC}") = "Lab3WpfApp", "Lab3WpfApp\Lab3WpfApp.csproj", "{C5B1C263-CAAF-4406-BF96-838D38DA87F1}"
EndProject
Global
	GlobalSection(SolutionConfigurationPlatforms) = preSolution
		Debug|Any CPU = Debug|Any CPU
		Release|Any CPU = Release|Any CPU
	EndGlobalSection
	GlobalSection(ProjectConfigurationPlatforms) = postSolution
		{C5B1C263-CAAF-4406-BF96-838D38DA87F1}.Debug|Any CPU.ActiveCfg = Debug|Any CPU
		{C5B1C263-CAAF-4406-BF96-838D38DA87F1}.Debug|Any CPU.Build.0 = Debug|Any CPU
		{C5B1C263-CAAF-4406-BF96-838D38DA87F1}.Release|Any CPU.ActiveCfg = Release|Any CPU
		{C5B1C263-CAAF-4406-BF96-838D38DA87F1}.Release|Any CPU.Build.0 = Release|Any CPU
	EndGlobalSection
	GlobalSection(SolutionProperties) = preSolution
		HideSolutionNode = FALSE
	EndGlobalSection
	GlobalSection(ExtensibilityGlobals) = postSolution
		SolutionGuid = {2E713595-AF42-4529-8CFF-EC8B5F86BE49}
	EndGlobalSection
EndGlobal
